// !$*UTF8*$!
{
	archiveVersion = 1;
	classes = {
	};
	objectVersion = 56;
	objects = {

/* Begin PBXBuildFile section */
		47FBEBBE2AB8A73D004E275C /* AppDelegate.swift in Sources */ = {isa = PBXBuildFile; fileRef = 47FBEBBD2AB8A73D004E275C /* AppDelegate.swift */; };
		47FBEBC02AB8A73D004E275C /* SceneDelegate.swift in Sources */ = {isa = PBXBuildFile; fileRef = 47FBEBBF2AB8A73D004E275C /* SceneDelegate.swift */; };
		47FBEBC22AB8A73D004E275C /* ViewController.swift in Sources */ = {isa = PBXBuildFile; fileRef = 47FBEBC12AB8A73D004E275C /* ViewController.swift */; };
		47FBEBC52AB8A73D004E275C /* Main.storyboard in Resources */ = {isa = PBXBuildFile; fileRef = 47FBEBC32AB8A73D004E275C /* Main.storyboard */; };
		47FBEBC72AB8A73E004E275C /* Assets.xcassets in Resources */ = {isa = PBXBuildFile; fileRef = 47FBEBC62AB8A73E004E275C /* Assets.xcassets */; };
		47FBEBCA2AB8A73E004E275C /* LaunchScreen.storyboard in Resources */ = {isa = PBXBuildFile; fileRef = 47FBEBC82AB8A73E004E275C /* LaunchScreen.storyboard */; };
		47FBEBD52AB8A73E004E275C /* NotebookTests.swift in Sources */ = {isa = PBXBuildFile; fileRef = 47FBEBD42AB8A73E004E275C /* NotebookTests.swift */; };
		47FBEBDF2AB8A73E004E275C /* NotebookUITests.swift in Sources */ = {isa = PBXBuildFile; fileRef = 47FBEBDE2AB8A73E004E275C /* NotebookUITests.swift */; };
		47FBEBE12AB8A73E004E275C /* NotebookUITestsLaunchTests.swift in Sources */ = {isa = PBXBuildFile; fileRef = 47FBEBE02AB8A73E004E275C /* NotebookUITestsLaunchTests.swift */; };
		47FBEBF42AB8A963004E275C /* TaskTableViewCell.swift in Sources */ = {isa = PBXBuildFile; fileRef = 47FBEBF32AB8A963004E275C /* TaskTableViewCell.swift */; };
		47FBEBF62AB8A975004E275C /* SubTaskTableViewCell.swift in Sources */ = {isa = PBXBuildFile; fileRef = 47FBEBF52AB8A975004E275C /* SubTaskTableViewCell.swift */; };
		47FBEBF82AB8AA0F004E275C /* Task.swift in Sources */ = {isa = PBXBuildFile; fileRef = 47FBEBF72AB8AA0F004E275C /* Task.swift */; };
		47FBEBFA2AB8AA1E004E275C /* SubTask.swift in Sources */ = {isa = PBXBuildFile; fileRef = 47FBEBF92AB8AA1E004E275C /* SubTask.swift */; };
/* End PBXBuildFile section */

/* Begin PBXContainerItemProxy section */
		47FBEBD12AB8A73E004E275C /* PBXContainerItemProxy */ = {
			isa = PBXContainerItemProxy;
			containerPortal = 47FBEBB22AB8A73D004E275C /* Project object */;
			proxyType = 1;
			remoteGlobalIDString = 47FBEBB92AB8A73D004E275C;
			remoteInfo = Notebook;
		};
		47FBEBDB2AB8A73E004E275C /* PBXContainerItemProxy */ = {
			isa = PBXContainerItemProxy;
			containerPortal = 47FBEBB22AB8A73D004E275C /* Project object */;
			proxyType = 1;
			remoteGlobalIDString = 47FBEBB92AB8A73D004E275C;
			remoteInfo = Notebook;
		};
/* End PBXContainerItemProxy section */

/* Begin PBXFileReference section */
		47FBEBBA2AB8A73D004E275C /* Notebook.app */ = {isa = PBXFileReference; explicitFileType = wrapper.application; includeInIndex = 0; path = Notebook.app; sourceTree = BUILT_PRODUCTS_DIR; };
		47FBEBBD2AB8A73D004E275C /* AppDelegate.swift */ = {isa = PBXFileReference; lastKnownFileType = sourcecode.swift; path = AppDelegate.swift; sourceTree = "<group>"; };
		47FBEBBF2AB8A73D004E275C /* SceneDelegate.swift */ = {isa = PBXFileReference; lastKnownFileType = sourcecode.swift; path = SceneDelegate.swift; sourceTree = "<group>"; };
		47FBEBC12AB8A73D004E275C /* ViewController.swift */ = {isa = PBXFileReference; lastKnownFileType = sourcecode.swift; path = ViewController.swift; sourceTree = "<group>"; };
		47FBEBC42AB8A73D004E275C /* Base */ = {isa = PBXFileReference; lastKnownFileType = file.storyboard; name = Base; path = Base.lproj/Main.storyboard; sourceTree = "<group>"; };
		47FBEBC62AB8A73E004E275C /* Assets.xcassets */ = {isa = PBXFileReference; lastKnownFileType = folder.assetcatalog; path = Assets.xcassets; sourceTree = "<group>"; };
		47FBEBC92AB8A73E004E275C /* Base */ = {isa = PBXFileReference; lastKnownFileType = file.storyboard; name = Base; path = Base.lproj/LaunchScreen.storyboard; sourceTree = "<group>"; };
		47FBEBCB2AB8A73E004E275C /* Info.plist */ = {isa = PBXFileReference; lastKnownFileType = text.plist.xml; path = Info.plist; sourceTree = "<group>"; };
		47FBEBD02AB8A73E004E275C /* NotebookTests.xctest */ = {isa = PBXFileReference; explicitFileType = wrapper.cfbundle; includeInIndex = 0; path = NotebookTests.xctest; sourceTree = BUILT_PRODUCTS_DIR; };
		47FBEBD42AB8A73E004E275C /* NotebookTests.swift */ = {isa = PBXFileReference; lastKnownFileType = sourcecode.swift; path = NotebookTests.swift; sourceTree = "<group>"; };
		47FBEBDA2AB8A73E004E275C /* NotebookUITests.xctest */ = {isa = PBXFileReference; explicitFileType = wrapper.cfbundle; includeInIndex = 0; path = NotebookUITests.xctest; sourceTree = BUILT_PRODUCTS_DIR; };
		47FBEBDE2AB8A73E004E275C /* NotebookUITests.swift */ = {isa = PBXFileReference; lastKnownFileType = sourcecode.swift; path = NotebookUITests.swift; sourceTree = "<group>"; };
		47FBEBE02AB8A73E004E275C /* NotebookUITestsLaunchTests.swift */ = {isa = PBXFileReference; lastKnownFileType = sourcecode.swift; path = NotebookUITestsLaunchTests.swift; sourceTree = "<group>"; };
		47FBEBF32AB8A963004E275C /* TaskTableViewCell.swift */ = {isa = PBXFileReference; lastKnownFileType = sourcecode.swift; path = TaskTableViewCell.swift; sourceTree = "<group>"; };
		47FBEBF52AB8A975004E275C /* SubTaskTableViewCell.swift */ = {isa = PBXFileReference; lastKnownFileType = sourcecode.swift; path = SubTaskTableViewCell.swift; sourceTree = "<group>"; };
		47FBEBF72AB8AA0F004E275C /* Task.swift */ = {isa = PBXFileReference; lastKnownFileType = sourcecode.swift; path = Task.swift; sourceTree = "<group>"; };
		47FBEBF92AB8AA1E004E275C /* SubTask.swift */ = {isa = PBXFileReference; lastKnownFileType = sourcecode.swift; path = SubTask.swift; sourceTree = "<group>"; };
/* End PBXFileReference section */

/* Begin PBXFrameworksBuildPhase section */
		47FBEBB72AB8A73D004E275C /* Frameworks */ = {
			isa = PBXFrameworksBuildPhase;
			buildActionMask = 2147483647;
			files = (
			);
			runOnlyForDeploymentPostprocessing = 0;
		};
		47FBEBCD2AB8A73E004E275C /* Frameworks */ = {
			isa = PBXFrameworksBuildPhase;
			buildActionMask = 2147483647;
			files = (
			);
			runOnlyForDeploymentPostprocessing = 0;
		};
		47FBEBD72AB8A73E004E275C /* Frameworks */ = {
			isa = PBXFrameworksBuildPhase;
			buildActionMask = 2147483647;
			files = (
			);
			runOnlyForDeploymentPostprocessing = 0;
		};
/* End PBXFrameworksBuildPhase section */

/* Begin PBXGroup section */
		47FBEBB12AB8A73D004E275C = {
			isa = PBXGroup;
			children = (
				47FBEBBC2AB8A73D004E275C /* Notebook */,
				47FBEBD32AB8A73E004E275C /* NotebookTests */,
				47FBEBDD2AB8A73E004E275C /* NotebookUITests */,
				47FBEBBB2AB8A73D004E275C /* Products */,
			);
			sourceTree = "<group>";
		};
		47FBEBBB2AB8A73D004E275C /* Products */ = {
			isa = PBXGroup;
			children = (
				47FBEBBA2AB8A73D004E275C /* Notebook.app */,
				47FBEBD02AB8A73E004E275C /* NotebookTests.xctest */,
				47FBEBDA2AB8A73E004E275C /* NotebookUITests.xctest */,
			);
			name = Products;
			sourceTree = "<group>";
		};
		47FBEBBC2AB8A73D004E275C /* Notebook */ = {
			isa = PBXGroup;
			children = (
				47FBEBF12AB8A795004E275C /* App */,
				47FBEBEE2AB8A767004E275C /* Controller */,
				47FBEBED2AB8A75B004E275C /* Model */,
				47FBEBF22AB8A7A6004E275C /* Resources */,
			);
			path = Notebook;
			sourceTree = "<group>";
		};
		47FBEBD32AB8A73E004E275C /* NotebookTests */ = {
			isa = PBXGroup;
			children = (
				47FBEBD42AB8A73E004E275C /* NotebookTests.swift */,
			);
			path = NotebookTests;
			sourceTree = "<group>";
		};
		47FBEBDD2AB8A73E004E275C /* NotebookUITests */ = {
			isa = PBXGroup;
			children = (
				47FBEBDE2AB8A73E004E275C /* NotebookUITests.swift */,
				47FBEBE02AB8A73E004E275C /* NotebookUITestsLaunchTests.swift */,
			);
			path = NotebookUITests;
			sourceTree = "<group>";
		};
		47FBEBED2AB8A75B004E275C /* Model */ = {
			isa = PBXGroup;
			children = (
				47FBEBF72AB8AA0F004E275C /* Task.swift */,
				47FBEBF92AB8AA1E004E275C /* SubTask.swift */,
			);
			path = Model;
			sourceTree = "<group>";
		};
		47FBEBEE2AB8A767004E275C /* Controller */ = {
			isa = PBXGroup;
			children = (
				47FBEBC12AB8A73D004E275C /* ViewController.swift */,
				47FBEBF32AB8A963004E275C /* TaskTableViewCell.swift */,
				47FBEBF52AB8A975004E275C /* SubTaskTableViewCell.swift */,
			);
			path = Controller;
			sourceTree = "<group>";
		};
		47FBEBF12AB8A795004E275C /* App */ = {
			isa = PBXGroup;
			children = (
				47FBEBBD2AB8A73D004E275C /* AppDelegate.swift */,
				47FBEBBF2AB8A73D004E275C /* SceneDelegate.swift */,
			);
			path = App;
			sourceTree = "<group>";
		};
		47FBEBF22AB8A7A6004E275C /* Resources */ = {
			isa = PBXGroup;
			children = (
				47FBEBC62AB8A73E004E275C /* Assets.xcassets */,
				47FBEBCB2AB8A73E004E275C /* Info.plist */,
				47FBEBC82AB8A73E004E275C /* LaunchScreen.storyboard */,
				47FBEBC32AB8A73D004E275C /* Main.storyboard */,
			);
			path = Resources;
			sourceTree = "<group>";
		};
/* End PBXGroup section */

/* Begin PBXNativeTarget section */
		47FBEBB92AB8A73D004E275C /* Notebook */ = {
			isa = PBXNativeTarget;
			buildConfigurationList = 47FBEBE42AB8A73E004E275C /* Build configuration list for PBXNativeTarget "Notebook" */;
			buildPhases = (
				47FBEBB62AB8A73D004E275C /* Sources */,
				47FBEBB72AB8A73D004E275C /* Frameworks */,
				47FBEBB82AB8A73D004E275C /* Resources */,
			);
			buildRules = (
			);
			dependencies = (
			);
			name = Notebook;
			productName = Notebook;
			productReference = 47FBEBBA2AB8A73D004E275C /* Notebook.app */;
			productType = "com.apple.product-type.application";
		};
		47FBEBCF2AB8A73E004E275C /* NotebookTests */ = {
			isa = PBXNativeTarget;
			buildConfigurationList = 47FBEBE72AB8A73E004E275C /* Build configuration list for PBXNativeTarget "NotebookTests" */;
			buildPhases = (
				47FBEBCC2AB8A73E004E275C /* Sources */,
				47FBEBCD2AB8A73E004E275C /* Frameworks */,
				47FBEBCE2AB8A73E004E275C /* Resources */,
			);
			buildRules = (
			);
			dependencies = (
				47FBEBD22AB8A73E004E275C /* PBXTargetDependency */,
			);
			name = NotebookTests;
			productName = NotebookTests;
			productReference = 47FBEBD02AB8A73E004E275C /* NotebookTests.xctest */;
			productType = "com.apple.product-type.bundle.unit-test";
		};
		47FBEBD92AB8A73E004E275C /* NotebookUITests */ = {
			isa = PBXNativeTarget;
			buildConfigurationList = 47FBEBEA2AB8A73E004E275C /* Build configuration list for PBXNativeTarget "NotebookUITests" */;
			buildPhases = (
				47FBEBD62AB8A73E004E275C /* Sources */,
				47FBEBD72AB8A73E004E275C /* Frameworks */,
				47FBEBD82AB8A73E004E275C /* Resources */,
			);
			buildRules = (
			);
			dependencies = (
				47FBEBDC2AB8A73E004E275C /* PBXTargetDependency */,
			);
			name = NotebookUITests;
			productName = NotebookUITests;
			productReference = 47FBEBDA2AB8A73E004E275C /* NotebookUITests.xctest */;
			productType = "com.apple.product-type.bundle.ui-testing";
		};
/* End PBXNativeTarget section */

/* Begin PBXProject section */
		47FBEBB22AB8A73D004E275C /* Project object */ = {
			isa = PBXProject;
			attributes = {
				BuildIndependentTargetsInParallel = 1;
				LastSwiftUpdateCheck = 1430;
				LastUpgradeCheck = 1430;
				TargetAttributes = {
					47FBEBB92AB8A73D004E275C = {
						CreatedOnToolsVersion = 14.3.1;
					};
					47FBEBCF2AB8A73E004E275C = {
						CreatedOnToolsVersion = 14.3.1;
						TestTargetID = 47FBEBB92AB8A73D004E275C;
					};
					47FBEBD92AB8A73E004E275C = {
						CreatedOnToolsVersion = 14.3.1;
						TestTargetID = 47FBEBB92AB8A73D004E275C;
					};
				};
			};
			buildConfigurationList = 47FBEBB52AB8A73D004E275C /* Build configuration list for PBXProject "Notebook" */;
			compatibilityVersion = "Xcode 14.0";
			developmentRegion = en;
			hasScannedForEncodings = 0;
			knownRegions = (
				en,
				Base,
			);
			mainGroup = 47FBEBB12AB8A73D004E275C;
			productRefGroup = 47FBEBBB2AB8A73D004E275C /* Products */;
			projectDirPath = "";
			projectRoot = "";
			targets = (
				47FBEBB92AB8A73D004E275C /* Notebook */,
				47FBEBCF2AB8A73E004E275C /* NotebookTests */,
				47FBEBD92AB8A73E004E275C /* NotebookUITests */,
			);
		};
/* End PBXProject section */

/* Begin PBXResourcesBuildPhase section */
		47FBEBB82AB8A73D004E275C /* Resources */ = {
			isa = PBXResourcesBuildPhase;
			buildActionMask = 2147483647;
			files = (
				47FBEBCA2AB8A73E004E275C /* LaunchScreen.storyboard in Resources */,
				47FBEBC72AB8A73E004E275C /* Assets.xcassets in Resources */,
				47FBEBC52AB8A73D004E275C /* Main.storyboard in Resources */,
			);
			runOnlyForDeploymentPostprocessing = 0;
		};
		47FBEBCE2AB8A73E004E275C /* Resources */ = {
			isa = PBXResourcesBuildPhase;
			buildActionMask = 2147483647;
			files = (
			);
			runOnlyForDeploymentPostprocessing = 0;
		};
		47FBEBD82AB8A73E004E275C /* Resources */ = {
			isa = PBXResourcesBuildPhase;
			buildActionMask = 2147483647;
			files = (
			);
			runOnlyForDeploymentPostprocessing = 0;
		};
/* End PBXResourcesBuildPhase section */

/* Begin PBXSourcesBuildPhase section */
		47FBEBB62AB8A73D004E275C /* Sources */ = {
			isa = PBXSourcesBuildPhase;
			buildActionMask = 2147483647;
			files = (
				47FBEBF42AB8A963004E275C /* TaskTableViewCell.swift in Sources */,
				47FBEBC22AB8A73D004E275C /* ViewController.swift in Sources */,
				47FBEBBE2AB8A73D004E275C /* AppDelegate.swift in Sources */,
				47FBEBFA2AB8AA1E004E275C /* SubTask.swift in Sources */,
				47FBEBC02AB8A73D004E275C /* SceneDelegate.swift in Sources */,
				47FBEBF82AB8AA0F004E275C /* Task.swift in Sources */,
				47FBEBF62AB8A975004E275C /* SubTaskTableViewCell.swift in Sources */,
			);
			runOnlyForDeploymentPostprocessing = 0;
		};
		47FBEBCC2AB8A73E004E275C /* Sources */ = {
			isa = PBXSourcesBuildPhase;
			buildActionMask = 2147483647;
			files = (
				47FBEBD52AB8A73E004E275C /* NotebookTests.swift in Sources */,
			);
			runOnlyForDeploymentPostprocessing = 0;
		};
		47FBEBD62AB8A73E004E275C /* Sources */ = {
			isa = PBXSourcesBuildPhase;
			buildActionMask = 2147483647;
			files = (
				47FBEBE12AB8A73E004E275C /* NotebookUITestsLaunchTests.swift in Sources */,
				47FBEBDF2AB8A73E004E275C /* NotebookUITests.swift in Sources */,
			);
			runOnlyForDeploymentPostprocessing = 0;
		};
/* End PBXSourcesBuildPhase section */

/* Begin PBXTargetDependency section */
		47FBEBD22AB8A73E004E275C /* PBXTargetDependency */ = {
			isa = PBXTargetDependency;
			target = 47FBEBB92AB8A73D004E275C /* Notebook */;
			targetProxy = 47FBEBD12AB8A73E004E275C /* PBXContainerItemProxy */;
		};
		47FBEBDC2AB8A73E004E275C /* PBXTargetDependency */ = {
			isa = PBXTargetDependency;
			target = 47FBEBB92AB8A73D004E275C /* Notebook */;
			targetProxy = 47FBEBDB2AB8A73E004E275C /* PBXContainerItemProxy */;
		};
/* End PBXTargetDependency section */

/* Begin PBXVariantGroup section */
		47FBEBC32AB8A73D004E275C /* Main.storyboard */ = {
			isa = PBXVariantGroup;
			children = (
				47FBEBC42AB8A73D004E275C /* Base */,
			);
			name = Main.storyboard;
			sourceTree = "<group>";
		};
		47FBEBC82AB8A73E004E275C /* LaunchScreen.storyboard */ = {
			isa = PBXVariantGroup;
			children = (
				47FBEBC92AB8A73E004E275C /* Base */,
			);
			name = LaunchScreen.storyboard;
			sourceTree = "<group>";
		};
/* End PBXVariantGroup section */

/* Begin XCBuildConfiguration section */
		47FBEBE22AB8A73E004E275C /* Debug */ = {
			isa = XCBuildConfiguration;
			buildSettings = {
				ALWAYS_SEARCH_USER_PATHS = NO;
				CLANG_ANALYZER_NONNULL = YES;
				CLANG_ANALYZER_NUMBER_OBJECT_CONVERSION = YES_AGGRESSIVE;
				CLANG_CXX_LANGUAGE_STANDARD = "gnu++20";
				CLANG_ENABLE_MODULES = YES;
				CLANG_ENABLE_OBJC_ARC = YES;
				CLANG_ENABLE_OBJC_WEAK = YES;
				CLANG_WARN_BLOCK_CAPTURE_AUTORELEASING = YES;
				CLANG_WARN_BOOL_CONVERSION = YES;
				CLANG_WARN_COMMA = YES;
				CLANG_WARN_CONSTANT_CONVERSION = YES;
				CLANG_WARN_DEPRECATED_OBJC_IMPLEMENTATIONS = YES;
				CLANG_WARN_DIRECT_OBJC_ISA_USAGE = YES_ERROR;
				CLANG_WARN_DOCUMENTATION_COMMENTS = YES;
				CLANG_WARN_EMPTY_BODY = YES;
				CLANG_WARN_ENUM_CONVERSION = YES;
				CLANG_WARN_INFINITE_RECURSION = YES;
				CLANG_WARN_INT_CONVERSION = YES;
				CLANG_WARN_NON_LITERAL_NULL_CONVERSION = YES;
				CLANG_WARN_OBJC_IMPLICIT_RETAIN_SELF = YES;
				CLANG_WARN_OBJC_LITERAL_CONVERSION = YES;
				CLANG_WARN_OBJC_ROOT_CLASS = YES_ERROR;
				CLANG_WARN_QUOTED_INCLUDE_IN_FRAMEWORK_HEADER = YES;
				CLANG_WARN_RANGE_LOOP_ANALYSIS = YES;
				CLANG_WARN_STRICT_PROTOTYPES = YES;
				CLANG_WARN_SUSPICIOUS_MOVE = YES;
				CLANG_WARN_UNGUARDED_AVAILABILITY = YES_AGGRESSIVE;
				CLANG_WARN_UNREACHABLE_CODE = YES;
				CLANG_WARN__DUPLICATE_METHOD_MATCH = YES;
				COPY_PHASE_STRIP = NO;
				DEBUG_INFORMATION_FORMAT = dwarf;
				ENABLE_STRICT_OBJC_MSGSEND = YES;
				ENABLE_TESTABILITY = YES;
				GCC_C_LANGUAGE_STANDARD = gnu11;
				GCC_DYNAMIC_NO_PIC = NO;
				GCC_NO_COMMON_BLOCKS = YES;
				GCC_OPTIMIZATION_LEVEL = 0;
				GCC_PREPROCESSOR_DEFINITIONS = (
					"DEBUG=1",
					"$(inherited)",
				);
				GCC_WARN_64_TO_32_BIT_CONVERSION = YES;
				GCC_WARN_ABOUT_RETURN_TYPE = YES_ERROR;
				GCC_WARN_UNDECLARED_SELECTOR = YES;
				GCC_WARN_UNINITIALIZED_AUTOS = YES_AGGRESSIVE;
				GCC_WARN_UNUSED_FUNCTION = YES;
				GCC_WARN_UNUSED_VARIABLE = YES;
				IPHONEOS_DEPLOYMENT_TARGET = 16.4;
				MTL_ENABLE_DEBUG_INFO = INCLUDE_SOURCE;
				MTL_FAST_MATH = YES;
				ONLY_ACTIVE_ARCH = YES;
				SDKROOT = iphoneos;
				SWIFT_ACTIVE_COMPILATION_CONDITIONS = DEBUG;
				SWIFT_OPTIMIZATION_LEVEL = "-Onone";
			};
			name = Debug;
		};
		47FBEBE32AB8A73E004E275C /* Release */ = {
			isa = XCBuildConfiguration;
			buildSettings = {
				ALWAYS_SEARCH_USER_PATHS = NO;
				CLANG_ANALYZER_NONNULL = YES;
				CLANG_ANALYZER_NUMBER_OBJECT_CONVERSION = YES_AGGRESSIVE;
				CLANG_CXX_LANGUAGE_STANDARD = "gnu++20";
				CLANG_ENABLE_MODULES = YES;
				CLANG_ENABLE_OBJC_ARC = YES;
				CLANG_ENABLE_OBJC_WEAK = YES;
				CLANG_WARN_BLOCK_CAPTURE_AUTORELEASING = YES;
				CLANG_WARN_BOOL_CONVERSION = YES;
				CLANG_WARN_COMMA = YES;
				CLANG_WARN_CONSTANT_CONVERSION = YES;
				CLANG_WARN_DEPRECATED_OBJC_IMPLEMENTATIONS = YES;
				CLANG_WARN_DIRECT_OBJC_ISA_USAGE = YES_ERROR;
				CLANG_WARN_DOCUMENTATION_COMMENTS = YES;
				CLANG_WARN_EMPTY_BODY = YES;
				CLANG_WARN_ENUM_CONVERSION = YES;
				CLANG_WARN_INFINITE_RECURSION = YES;
				CLANG_WARN_INT_CONVERSION = YES;
				CLANG_WARN_NON_LITERAL_NULL_CONVERSION = YES;
				CLANG_WARN_OBJC_IMPLICIT_RETAIN_SELF = YES;
				CLANG_WARN_OBJC_LITERAL_CONVERSION = YES;
				CLANG_WARN_OBJC_ROOT_CLASS = YES_ERROR;
				CLANG_WARN_QUOTED_INCLUDE_IN_FRAMEWORK_HEADER = YES;
				CLANG_WARN_RANGE_LOOP_ANALYSIS = YES;
				CLANG_WARN_STRICT_PROTOTYPES = YES;
				CLANG_WARN_SUSPICIOUS_MOVE = YES;
				CLANG_WARN_UNGUARDED_AVAILABILITY = YES_AGGRESSIVE;
				CLANG_WARN_UNREACHABLE_CODE = YES;
				CLANG_WARN__DUPLICATE_METHOD_MATCH = YES;
				COPY_PHASE_STRIP = NO;
				DEBUG_INFORMATION_FORMAT = "dwarf-with-dsym";
				ENABLE_NS_ASSERTIONS = NO;
				ENABLE_STRICT_OBJC_MSGSEND = YES;
				GCC_C_LANGUAGE_STANDARD = gnu11;
				GCC_NO_COMMON_BLOCKS = YES;
				GCC_WARN_64_TO_32_BIT_CONVERSION = YES;
				GCC_WARN_ABOUT_RETURN_TYPE = YES_ERROR;
				GCC_WARN_UNDECLARED_SELECTOR = YES;
				GCC_WARN_UNINITIALIZED_AUTOS = YES_AGGRESSIVE;
				GCC_WARN_UNUSED_FUNCTION = YES;
				GCC_WARN_UNUSED_VARIABLE = YES;
				IPHONEOS_DEPLOYMENT_TARGET = 16.4;
				MTL_ENABLE_DEBUG_INFO = NO;
				MTL_FAST_MATH = YES;
				SDKROOT = iphoneos;
				SWIFT_COMPILATION_MODE = wholemodule;
				SWIFT_OPTIMIZATION_LEVEL = "-O";
				VALIDATE_PRODUCT = YES;
			};
			name = Release;
		};
		47FBEBE52AB8A73E004E275C /* Debug */ = {
			isa = XCBuildConfiguration;
			buildSettings = {
				ASSETCATALOG_COMPILER_APPICON_NAME = AppIcon;
				ASSETCATALOG_COMPILER_GLOBAL_ACCENT_COLOR_NAME = AccentColor;
				CODE_SIGN_STYLE = Automatic;
				CURRENT_PROJECT_VERSION = 1;
				DEVELOPMENT_TEAM = F6M8BS3873;
				GENERATE_INFOPLIST_FILE = YES;
				INFOPLIST_FILE = Notebook/Resources/Info.plist;
				INFOPLIST_KEY_UIApplicationSupportsIndirectInputEvents = YES;
				INFOPLIST_KEY_UILaunchStoryboardName = LaunchScreen;
				INFOPLIST_KEY_UIMainStoryboardFile = Main;
				INFOPLIST_KEY_UISupportedInterfaceOrientations_iPad = "UIInterfaceOrientationPortrait UIInterfaceOrientationPortraitUpsideDown UIInterfaceOrientationLandscapeLeft UIInterfaceOrientationLandscapeRight";
				INFOPLIST_KEY_UISupportedInterfaceOrientations_iPhone = "UIInterfaceOrientationPortrait UIInterfaceOrientationLandscapeLeft UIInterfaceOrientationLandscapeRight";
				LD_RUNPATH_SEARCH_PATHS = (
					"$(inherited)",
					"@executable_path/Frameworks",
				);
				MARKETING_VERSION = 1.0;
				PRODUCT_BUNDLE_IDENTIFIER = Zhibekzhan.Notebook;
				PRODUCT_NAME = "$(TARGET_NAME)";
				SWIFT_EMIT_LOC_STRINGS = YES;
				SWIFT_VERSION = 5.0;
				TARGETED_DEVICE_FAMILY = "1,2";
			};
			name = Debug;
		};
		47FBEBE62AB8A73E004E275C /* Release */ = {
			isa = XCBuildConfiguration;
			buildSettings = {
				ASSETCATALOG_COMPILER_APPICON_NAME = AppIcon;
				ASSETCATALOG_COMPILER_GLOBAL_ACCENT_COLOR_NAME = AccentColor;
				CODE_SIGN_STYLE = Automatic;
				CURRENT_PROJECT_VERSION = 1;
				DEVELOPMENT_TEAM = F6M8BS3873;
				GENERATE_INFOPLIST_FILE = YES;
				INFOPLIST_FILE = Notebook/Resources/Info.plist;
				INFOPLIST_KEY_UIApplicationSupportsIndirectInputEvents = YES;
				INFOPLIST_KEY_UILaunchStoryboardName = LaunchScreen;
				INFOPLIST_KEY_UIMainStoryboardFile = Main;
				INFOPLIST_KEY_UISupportedInterfaceOrientations_iPad = "UIInterfaceOrientationPortrait UIInterfaceOrientationPortraitUpsideDown UIInterfaceOrientationLandscapeLeft UIInterfaceOrientationLandscapeRight";
				INFOPLIST_KEY_UISupportedInterfaceOrientations_iPhone = "UIInterfaceOrientationPortrait UIInterfaceOrientationLandscapeLeft UIInterfaceOrientationLandscapeRight";
				LD_RUNPATH_SEARCH_PATHS = (
					"$(inherited)",
					"@executable_path/Frameworks",
				);
				MARKETING_VERSION = 1.0;
				PRODUCT_BUNDLE_IDENTIFIER = Zhibekzhan.Notebook;
				PRODUCT_NAME = "$(TARGET_NAME)";
				SWIFT_EMIT_LOC_STRINGS = YES;
				SWIFT_VERSION = 5.0;
				TARGETED_DEVICE_FAMILY = "1,2";
			};
			name = Release;
		};
		47FBEBE82AB8A73E004E275C /* Debug */ = {
			isa = XCBuildConfiguration;
			buildSettings = {
				ALWAYS_EMBED_SWIFT_STANDARD_LIBRARIES = YES;
				BUNDLE_LOADER = "$(TEST_HOST)";
				CODE_SIGN_STYLE = Automatic;
				CURRENT_PROJECT_VERSION = 1;
				DEVELOPMENT_TEAM = F6M8BS3873;
				GENERATE_INFOPLIST_FILE = YES;
				IPHONEOS_DEPLOYMENT_TARGET = 16.4;
				MARKETING_VERSION = 1.0;
				PRODUCT_BUNDLE_IDENTIFIER = Zhibekzhan.NotebookTests;
				PRODUCT_NAME = "$(TARGET_NAME)";
				SWIFT_EMIT_LOC_STRINGS = NO;
				SWIFT_VERSION = 5.0;
				TARGETED_DEVICE_FAMILY = "1,2";
				TEST_HOST = "$(BUILT_PRODUCTS_DIR)/Notebook.app/$(BUNDLE_EXECUTABLE_FOLDER_PATH)/Notebook";
			};
			name = Debug;
		};
		47FBEBE92AB8A73E004E275C /* Release */ = {
			isa = XCBuildConfiguration;
			buildSettings = {
				ALWAYS_EMBED_SWIFT_STANDARD_LIBRARIES = YES;
				BUNDLE_LOADER = "$(TEST_HOST)";
				CODE_SIGN_STYLE = Automatic;
				CURRENT_PROJECT_VERSION = 1;
				DEVELOPMENT_TEAM = F6M8BS3873;
				GENERATE_INFOPLIST_FILE = YES;
				IPHONEOS_DEPLOYMENT_TARGET = 16.4;
				MARKETING_VERSION = 1.0;
				PRODUCT_BUNDLE_IDENTIFIER = Zhibekzhan.NotebookTests;
				PRODUCT_NAME = "$(TARGET_NAME)";
				SWIFT_EMIT_LOC_STRINGS = NO;
				SWIFT_VERSION = 5.0;
				TARGETED_DEVICE_FAMILY = "1,2";
				TEST_HOST = "$(BUILT_PRODUCTS_DIR)/Notebook.app/$(BUNDLE_EXECUTABLE_FOLDER_PATH)/Notebook";
			};
			name = Release;
		};
		47FBEBEB2AB8A73E004E275C /* Debug */ = {
			isa = XCBuildConfiguration;
			buildSettings = {
				ALWAYS_EMBED_SWIFT_STANDARD_LIBRARIES = YES;
				CODE_SIGN_STYLE = Automatic;
				CURRENT_PROJECT_VERSION = 1;
				DEVELOPMENT_TEAM = F6M8BS3873;
				GENERATE_INFOPLIST_FILE = YES;
				MARKETING_VERSION = 1.0;
				PRODUCT_BUNDLE_IDENTIFIER = Zhibekzhan.NotebookUITests;
				PRODUCT_NAME = "$(TARGET_NAME)";
				SWIFT_EMIT_LOC_STRINGS = NO;
				SWIFT_VERSION = 5.0;
				TARGETED_DEVICE_FAMILY = "1,2";
				TEST_TARGET_NAME = Notebook;
			};
			name = Debug;
		};
		47FBEBEC2AB8A73E004E275C /* Release */ = {
			isa = XCBuildConfiguration;
			buildSettings = {
				ALWAYS_EMBED_SWIFT_STANDARD_LIBRARIES = YES;
				CODE_SIGN_STYLE = Automatic;
				CURRENT_PROJECT_VERSION = 1;
				DEVELOPMENT_TEAM = F6M8BS3873;
				GENERATE_INFOPLIST_FILE = YES;
				MARKETING_VERSION = 1.0;
				PRODUCT_BUNDLE_IDENTIFIER = Zhibekzhan.NotebookUITests;
				PRODUCT_NAME = "$(TARGET_NAME)";
				SWIFT_EMIT_LOC_STRINGS = NO;
				SWIFT_VERSION = 5.0;
				TARGETED_DEVICE_FAMILY = "1,2";
				TEST_TARGET_NAME = Notebook;
			};
			name = Release;
		};
/* End XCBuildConfiguration section */

/* Begin XCConfigurationList section */
		47FBEBB52AB8A73D004E275C /* Build configuration list for PBXProject "Notebook" */ = {
			isa = XCConfigurationList;
			buildConfigurations = (
				47FBEBE22AB8A73E004E275C /* Debug */,
				47FBEBE32AB8A73E004E275C /* Release */,
			);
			defaultConfigurationIsVisible = 0;
			defaultConfigurationName = Release;
		};
		47FBEBE42AB8A73E004E275C /* Build configuration list for PBXNativeTarget "Notebook" */ = {
			isa = XCConfigurationList;
			buildConfigurations = (
				47FBEBE52AB8A73E004E275C /* Debug */,
				47FBEBE62AB8A73E004E275C /* Release */,
			);
			defaultConfigurationIsVisible = 0;
			defaultConfigurationName = Release;
		};
		47FBEBE72AB8A73E004E275C /* Build configuration list for PBXNativeTarget "NotebookTests" */ = {
			isa = XCConfigurationList;
			buildConfigurations = (
				47FBEBE82AB8A73E004E275C /* Debug */,
				47FBEBE92AB8A73E004E275C /* Release */,
			);
			defaultConfigurationIsVisible = 0;
			defaultConfigurationName = Release;
		};
		47FBEBEA2AB8A73E004E275C /* Build configuration list for PBXNativeTarget "NotebookUITests" */ = {
			isa = XCConfigurationList;
			buildConfigurations = (
				47FBEBEB2AB8A73E004E275C /* Debug */,
				47FBEBEC2AB8A73E004E275C /* Release */,
			);
			defaultConfigurationIsVisible = 0;
			defaultConfigurationName = Release;
		};
/* End XCConfigurationList section */
	};
	rootObject = 47FBEBB22AB8A73D004E275C /* Project object */;
}
